PODS:
  - Alamofire (4.8.0)
  - AlamofireImage (3.5.0):
    - Alamofire (~> 4.8)
  - SwiftFormat/CLI (0.36.0)

DEPENDENCIES:
  - Alamofire (= 4.8)
  - AlamofireImage (= 3.5)
  - SwiftFormat/CLI

SPEC REPOS:
  https://github.com/cocoapods/specs.git:
    - Alamofire
    - AlamofireImage
    - SwiftFormat

SPEC CHECKSUMS:
  Alamofire: 3ec537f71edc9804815215393ae2b1a8ea33a844
  AlamofireImage: 1aea346f4dda2f6c67622fa5a89fcbb80d79cc16
  SwiftFormat: 25f67a6f1b0b18dfd0567d48e8e9a7871b1f2e44

PODFILE CHECKSUM: a1838238881a2e4a925c04b4e328c1368f6a79e8

COCOAPODS: 1.5.3
