// !$*UTF8*$!
{
	archiveVersion = 1;
	classes = {
	};
	objectVersion = 50;
	objects = {

/* Begin PBXBuildFile section */
		627DEB5F93034D355B568B6E /* Pods_AlbumLoverTests.framework in Frameworks */ = {isa = PBXBuildFile; fileRef = FD37D6DBBE5F96E1774C5692 /* Pods_AlbumLoverTests.framework */; };
		9F6CB492223CF021003A88A6 /* AppDelegate.swift in Sources */ = {isa = PBXBuildFile; fileRef = 9F6CB491223CF021003A88A6 /* AppDelegate.swift */; };
		9F6CB494223CF021003A88A6 /* AlbumsViewController.swift in Sources */ = {isa = PBXBuildFile; fileRef = 9F6CB493223CF021003A88A6 /* AlbumsViewController.swift */; };
		9F6CB497223CF021003A88A6 /* Main.storyboard in Resources */ = {isa = PBXBuildFile; fileRef = 9F6CB495223CF021003A88A6 /* Main.storyboard */; };
		9F6CB49A223CF021003A88A6 /* AlbumLover.xcdatamodeld in Sources */ = {isa = PBXBuildFile; fileRef = 9F6CB498223CF021003A88A6 /* AlbumLover.xcdatamodeld */; };
		9F6CB49C223CF023003A88A6 /* Assets.xcassets in Resources */ = {isa = PBXBuildFile; fileRef = 9F6CB49B223CF023003A88A6 /* Assets.xcassets */; };
		9F6CB49F223CF023003A88A6 /* LaunchScreen.storyboard in Resources */ = {isa = PBXBuildFile; fileRef = 9F6CB49D223CF023003A88A6 /* LaunchScreen.storyboard */; };
		9F6CB4AA223CF023003A88A6 /* AlbumViewModelTests.swift in Sources */ = {isa = PBXBuildFile; fileRef = 9F6CB4A9223CF023003A88A6 /* AlbumViewModelTests.swift */; };
		9F6CB4BC223CF31A003A88A6 /* AlbumsViewModel.swift in Sources */ = {isa = PBXBuildFile; fileRef = 9F6CB4BB223CF31A003A88A6 /* AlbumsViewModel.swift */; };
		9F6CB4BF223CF45E003A88A6 /* Storyboarded.swift in Sources */ = {isa = PBXBuildFile; fileRef = 9F6CB4BE223CF45E003A88A6 /* Storyboarded.swift */; };
		9F6CB4C1223D04D6003A88A6 /* NibLoadableView.swift in Sources */ = {isa = PBXBuildFile; fileRef = 9F6CB4C0223D04D6003A88A6 /* NibLoadableView.swift */; };
		9F6CB4C3223D04E0003A88A6 /* ReusableView.swift in Sources */ = {isa = PBXBuildFile; fileRef = 9F6CB4C2223D04E0003A88A6 /* ReusableView.swift */; };
		9F6CB4C6223D051A003A88A6 /* UICollectionViewCell+Extension.swift in Sources */ = {isa = PBXBuildFile; fileRef = 9F6CB4C5223D051A003A88A6 /* UICollectionViewCell+Extension.swift */; };
		9F6CB4C8223D053B003A88A6 /* UITableViewCell+Extension.swift in Sources */ = {isa = PBXBuildFile; fileRef = 9F6CB4C7223D053B003A88A6 /* UITableViewCell+Extension.swift */; };
		9F6CB4CA223D0555003A88A6 /* UICollectionView+Extension.swift in Sources */ = {isa = PBXBuildFile; fileRef = 9F6CB4C9223D0555003A88A6 /* UICollectionView+Extension.swift */; };
		9F6CB4CC223D0569003A88A6 /* UITableView+Extension.swift in Sources */ = {isa = PBXBuildFile; fileRef = 9F6CB4CB223D0569003A88A6 /* UITableView+Extension.swift */; };
		9F6CB4D0223D0645003A88A6 /* AlbumCollectionViewCell.swift in Sources */ = {isa = PBXBuildFile; fileRef = 9F6CB4CE223D0645003A88A6 /* AlbumCollectionViewCell.swift */; };
		9F6CB4D1223D0645003A88A6 /* AlbumCollectionViewCell.xib in Resources */ = {isa = PBXBuildFile; fileRef = 9F6CB4CF223D0645003A88A6 /* AlbumCollectionViewCell.xib */; };
		9F6CB4D3223D08A0003A88A6 /* AlbumViewModel.swift in Sources */ = {isa = PBXBuildFile; fileRef = 9F6CB4D2223D08A0003A88A6 /* AlbumViewModel.swift */; };
		9F6CB4D5223D0929003A88A6 /* UIImageView+Extension.swift in Sources */ = {isa = PBXBuildFile; fileRef = 9F6CB4D4223D0929003A88A6 /* UIImageView+Extension.swift */; };
		9F6CB4D7223D0EB8003A88A6 /* AlbumResource.swift in Sources */ = {isa = PBXBuildFile; fileRef = 9F6CB4D6223D0EB8003A88A6 /* AlbumResource.swift */; };
		9F6CB4D9223D0EF1003A88A6 /* ArtistResource.swift in Sources */ = {isa = PBXBuildFile; fileRef = 9F6CB4D8223D0EF1003A88A6 /* ArtistResource.swift */; };
		9F6CB4DC223D0F54003A88A6 /* Repository.swift in Sources */ = {isa = PBXBuildFile; fileRef = 9F6CB4DB223D0F54003A88A6 /* Repository.swift */; };
		9F6CB4DE223D0FDA003A88A6 /* OnlineRepository.swift in Sources */ = {isa = PBXBuildFile; fileRef = 9F6CB4DD223D0FDA003A88A6 /* OnlineRepository.swift */; };
		9F6CB4E0223D0FF9003A88A6 /* OfflineRepository.swift in Sources */ = {isa = PBXBuildFile; fileRef = 9F6CB4DF223D0FF9003A88A6 /* OfflineRepository.swift */; };
		9F6CB4E2223D10C7003A88A6 /* ImageResource.swift in Sources */ = {isa = PBXBuildFile; fileRef = 9F6CB4E1223D10C7003A88A6 /* ImageResource.swift */; };
		9F6CB4E5223D11BF003A88A6 /* Album.swift in Sources */ = {isa = PBXBuildFile; fileRef = 9F6CB4E4223D11BF003A88A6 /* Album.swift */; };
		9F6CB4E7223D130E003A88A6 /* CustomError.swift in Sources */ = {isa = PBXBuildFile; fileRef = 9F6CB4E6223D130E003A88A6 /* CustomError.swift */; };
		9F6CB4E9223D226C003A88A6 /* UIViewController+Extension.swift in Sources */ = {isa = PBXBuildFile; fileRef = 9F6CB4E8223D226C003A88A6 /* UIViewController+Extension.swift */; };
		9F8099B2223D3457006FBF81 /* FavoriteAlbumsViewModelTests.swift in Sources */ = {isa = PBXBuildFile; fileRef = 9F8099B1223D3457006FBF81 /* FavoriteAlbumsViewModelTests.swift */; };
		9F8099B4223D34B1006FBF81 /* MockRepository.swift in Sources */ = {isa = PBXBuildFile; fileRef = 9F8099B3223D34B1006FBF81 /* MockRepository.swift */; };
		9F8099B6223D48C3006FBF81 /* SearchViewController.swift in Sources */ = {isa = PBXBuildFile; fileRef = 9F8099B5223D48C3006FBF81 /* SearchViewController.swift */; };
		9F8099B8223D4B7A006FBF81 /* Artist.swift in Sources */ = {isa = PBXBuildFile; fileRef = 9F8099B7223D4B7A006FBF81 /* Artist.swift */; };
		9F8099BA223D4BE3006FBF81 /* SearchViewModel.swift in Sources */ = {isa = PBXBuildFile; fileRef = 9F8099B9223D4BE3006FBF81 /* SearchViewModel.swift */; };
		F0BF9D687144B1AAEB280CC4 /* Pods_AlbumLover.framework in Frameworks */ = {isa = PBXBuildFile; fileRef = 90D547C9BD71F44E68DA93D7 /* Pods_AlbumLover.framework */; };
/* End PBXBuildFile section */

/* Begin PBXContainerItemProxy section */
		9F6CB4A6223CF023003A88A6 /* PBXContainerItemProxy */ = {
			isa = PBXContainerItemProxy;
			containerPortal = 9F6CB486223CF021003A88A6 /* Project object */;
			proxyType = 1;
			remoteGlobalIDString = 9F6CB48D223CF021003A88A6;
			remoteInfo = AlbumLover;
		};
/* End PBXContainerItemProxy section */

/* Begin PBXFileReference section */
		7061DC1C3EA8F400378C22F9 /* Pods-AlbumLover.release.xcconfig */ = {isa = PBXFileReference; includeInIndex = 1; lastKnownFileType = text.xcconfig; name = "Pods-AlbumLover.release.xcconfig"; path = "Pods/Target Support Files/Pods-AlbumLover/Pods-AlbumLover.release.xcconfig"; sourceTree = "<group>"; };
		90D547C9BD71F44E68DA93D7 /* Pods_AlbumLover.framework */ = {isa = PBXFileReference; explicitFileType = wrapper.framework; includeInIndex = 0; path = Pods_AlbumLover.framework; sourceTree = BUILT_PRODUCTS_DIR; };
		9605ADA899F5D9007E5052FB /* Pods-AlbumLoverTests.debug.xcconfig */ = {isa = PBXFileReference; includeInIndex = 1; lastKnownFileType = text.xcconfig; name = "Pods-AlbumLoverTests.debug.xcconfig"; path = "Pods/Target Support Files/Pods-AlbumLoverTests/Pods-AlbumLoverTests.debug.xcconfig"; sourceTree = "<group>"; };
		9DD0B1A25DDD95593B20B165 /* Pods-AlbumLoverTests.release.xcconfig */ = {isa = PBXFileReference; includeInIndex = 1; lastKnownFileType = text.xcconfig; name = "Pods-AlbumLoverTests.release.xcconfig"; path = "Pods/Target Support Files/Pods-AlbumLoverTests/Pods-AlbumLoverTests.release.xcconfig"; sourceTree = "<group>"; };
		9F6CB48E223CF021003A88A6 /* AlbumLover.app */ = {isa = PBXFileReference; explicitFileType = wrapper.application; includeInIndex = 0; path = AlbumLover.app; sourceTree = BUILT_PRODUCTS_DIR; };
		9F6CB491223CF021003A88A6 /* AppDelegate.swift */ = {isa = PBXFileReference; lastKnownFileType = sourcecode.swift; path = AppDelegate.swift; sourceTree = "<group>"; };
		9F6CB493223CF021003A88A6 /* AlbumsViewController.swift */ = {isa = PBXFileReference; lastKnownFileType = sourcecode.swift; path = AlbumsViewController.swift; sourceTree = "<group>"; };
		9F6CB496223CF021003A88A6 /* Base */ = {isa = PBXFileReference; lastKnownFileType = file.storyboard; name = Base; path = Base.lproj/Main.storyboard; sourceTree = "<group>"; };
		9F6CB499223CF021003A88A6 /* AlbumLover.xcdatamodel */ = {isa = PBXFileReference; lastKnownFileType = wrapper.xcdatamodel; path = AlbumLover.xcdatamodel; sourceTree = "<group>"; };
		9F6CB49B223CF023003A88A6 /* Assets.xcassets */ = {isa = PBXFileReference; lastKnownFileType = folder.assetcatalog; path = Assets.xcassets; sourceTree = "<group>"; };
		9F6CB49E223CF023003A88A6 /* Base */ = {isa = PBXFileReference; lastKnownFileType = file.storyboard; name = Base; path = Base.lproj/LaunchScreen.storyboard; sourceTree = "<group>"; };
		9F6CB4A0223CF023003A88A6 /* Info.plist */ = {isa = PBXFileReference; lastKnownFileType = text.plist.xml; path = Info.plist; sourceTree = "<group>"; };
		9F6CB4A5223CF023003A88A6 /* AlbumLoverTests.xctest */ = {isa = PBXFileReference; explicitFileType = wrapper.cfbundle; includeInIndex = 0; path = AlbumLoverTests.xctest; sourceTree = BUILT_PRODUCTS_DIR; };
		9F6CB4A9223CF023003A88A6 /* AlbumViewModelTests.swift */ = {isa = PBXFileReference; lastKnownFileType = sourcecode.swift; path = AlbumViewModelTests.swift; sourceTree = "<group>"; };
		9F6CB4AB223CF023003A88A6 /* Info.plist */ = {isa = PBXFileReference; lastKnownFileType = text.plist.xml; path = Info.plist; sourceTree = "<group>"; };
		9F6CB4BB223CF31A003A88A6 /* AlbumsViewModel.swift */ = {isa = PBXFileReference; lastKnownFileType = sourcecode.swift; path = AlbumsViewModel.swift; sourceTree = "<group>"; };
		9F6CB4BE223CF45E003A88A6 /* Storyboarded.swift */ = {isa = PBXFileReference; lastKnownFileType = sourcecode.swift; path = Storyboarded.swift; sourceTree = "<group>"; };
		9F6CB4C0223D04D6003A88A6 /* NibLoadableView.swift */ = {isa = PBXFileReference; lastKnownFileType = sourcecode.swift; path = NibLoadableView.swift; sourceTree = "<group>"; };
		9F6CB4C2223D04E0003A88A6 /* ReusableView.swift */ = {isa = PBXFileReference; lastKnownFileType = sourcecode.swift; path = ReusableView.swift; sourceTree = "<group>"; };
		9F6CB4C5223D051A003A88A6 /* UICollectionViewCell+Extension.swift */ = {isa = PBXFileReference; lastKnownFileType = sourcecode.swift; path = "UICollectionViewCell+Extension.swift"; sourceTree = "<group>"; };
		9F6CB4C7223D053B003A88A6 /* UITableViewCell+Extension.swift */ = {isa = PBXFileReference; lastKnownFileType = sourcecode.swift; path = "UITableViewCell+Extension.swift"; sourceTree = "<group>"; };
		9F6CB4C9223D0555003A88A6 /* UICollectionView+Extension.swift */ = {isa = PBXFileReference; lastKnownFileType = sourcecode.swift; path = "UICollectionView+Extension.swift"; sourceTree = "<group>"; };
		9F6CB4CB223D0569003A88A6 /* UITableView+Extension.swift */ = {isa = PBXFileReference; lastKnownFileType = sourcecode.swift; path = "UITableView+Extension.swift"; sourceTree = "<group>"; };
		9F6CB4CE223D0645003A88A6 /* AlbumCollectionViewCell.swift */ = {isa = PBXFileReference; lastKnownFileType = sourcecode.swift; path = AlbumCollectionViewCell.swift; sourceTree = "<group>"; };
		9F6CB4CF223D0645003A88A6 /* AlbumCollectionViewCell.xib */ = {isa = PBXFileReference; lastKnownFileType = file.xib; path = AlbumCollectionViewCell.xib; sourceTree = "<group>"; };
		9F6CB4D2223D08A0003A88A6 /* AlbumViewModel.swift */ = {isa = PBXFileReference; lastKnownFileType = sourcecode.swift; path = AlbumViewModel.swift; sourceTree = "<group>"; };
		9F6CB4D4223D0929003A88A6 /* UIImageView+Extension.swift */ = {isa = PBXFileReference; lastKnownFileType = sourcecode.swift; path = "UIImageView+Extension.swift"; sourceTree = "<group>"; };
		9F6CB4D6223D0EB8003A88A6 /* AlbumResource.swift */ = {isa = PBXFileReference; lastKnownFileType = sourcecode.swift; path = AlbumResource.swift; sourceTree = "<group>"; };
		9F6CB4D8223D0EF1003A88A6 /* ArtistResource.swift */ = {isa = PBXFileReference; lastKnownFileType = sourcecode.swift; path = ArtistResource.swift; sourceTree = "<group>"; };
		9F6CB4DB223D0F54003A88A6 /* Repository.swift */ = {isa = PBXFileReference; lastKnownFileType = sourcecode.swift; path = Repository.swift; sourceTree = "<group>"; };
		9F6CB4DD223D0FDA003A88A6 /* OnlineRepository.swift */ = {isa = PBXFileReference; lastKnownFileType = sourcecode.swift; path = OnlineRepository.swift; sourceTree = "<group>"; };
		9F6CB4DF223D0FF9003A88A6 /* OfflineRepository.swift */ = {isa = PBXFileReference; lastKnownFileType = sourcecode.swift; path = OfflineRepository.swift; sourceTree = "<group>"; };
		9F6CB4E1223D10C7003A88A6 /* ImageResource.swift */ = {isa = PBXFileReference; lastKnownFileType = sourcecode.swift; path = ImageResource.swift; sourceTree = "<group>"; };
		9F6CB4E4223D11BF003A88A6 /* Album.swift */ = {isa = PBXFileReference; lastKnownFileType = sourcecode.swift; path = Album.swift; sourceTree = "<group>"; };
		9F6CB4E6223D130E003A88A6 /* CustomError.swift */ = {isa = PBXFileReference; lastKnownFileType = sourcecode.swift; path = CustomError.swift; sourceTree = "<group>"; };
		9F6CB4E8223D226C003A88A6 /* UIViewController+Extension.swift */ = {isa = PBXFileReference; lastKnownFileType = sourcecode.swift; path = "UIViewController+Extension.swift"; sourceTree = "<group>"; };
		9F8099B1223D3457006FBF81 /* FavoriteAlbumsViewModelTests.swift */ = {isa = PBXFileReference; lastKnownFileType = sourcecode.swift; path = FavoriteAlbumsViewModelTests.swift; sourceTree = "<group>"; };
		9F8099B3223D34B1006FBF81 /* MockRepository.swift */ = {isa = PBXFileReference; lastKnownFileType = sourcecode.swift; path = MockRepository.swift; sourceTree = "<group>"; };
		9F8099B5223D48C3006FBF81 /* SearchViewController.swift */ = {isa = PBXFileReference; lastKnownFileType = sourcecode.swift; path = SearchViewController.swift; sourceTree = "<group>"; };
		9F8099B7223D4B7A006FBF81 /* Artist.swift */ = {isa = PBXFileReference; lastKnownFileType = sourcecode.swift; path = Artist.swift; sourceTree = "<group>"; };
		9F8099B9223D4BE3006FBF81 /* SearchViewModel.swift */ = {isa = PBXFileReference; lastKnownFileType = sourcecode.swift; path = SearchViewModel.swift; sourceTree = "<group>"; };
		EB1A1BF88F7325883CBD1816 /* Pods-AlbumLover.debug.xcconfig */ = {isa = PBXFileReference; includeInIndex = 1; lastKnownFileType = text.xcconfig; name = "Pods-AlbumLover.debug.xcconfig"; path = "Pods/Target Support Files/Pods-AlbumLover/Pods-AlbumLover.debug.xcconfig"; sourceTree = "<group>"; };
		FD37D6DBBE5F96E1774C5692 /* Pods_AlbumLoverTests.framework */ = {isa = PBXFileReference; explicitFileType = wrapper.framework; includeInIndex = 0; path = Pods_AlbumLoverTests.framework; sourceTree = BUILT_PRODUCTS_DIR; };
/* End PBXFileReference section */

/* Begin PBXFrameworksBuildPhase section */
		9F6CB48B223CF021003A88A6 /* Frameworks */ = {
			isa = PBXFrameworksBuildPhase;
			buildActionMask = 2147483647;
			files = (
				F0BF9D687144B1AAEB280CC4 /* Pods_AlbumLover.framework in Frameworks */,
			);
			runOnlyForDeploymentPostprocessing = 0;
		};
		9F6CB4A2223CF023003A88A6 /* Frameworks */ = {
			isa = PBXFrameworksBuildPhase;
			buildActionMask = 2147483647;
			files = (
				627DEB5F93034D355B568B6E /* Pods_AlbumLoverTests.framework in Frameworks */,
			);
			runOnlyForDeploymentPostprocessing = 0;
		};
/* End PBXFrameworksBuildPhase section */

/* Begin PBXGroup section */
		93AB27AF14BA9A187F9D1D2F /* Frameworks */ = {
			isa = PBXGroup;
			children = (
				90D547C9BD71F44E68DA93D7 /* Pods_AlbumLover.framework */,
				FD37D6DBBE5F96E1774C5692 /* Pods_AlbumLoverTests.framework */,
			);
			name = Frameworks;
			sourceTree = "<group>";
		};
		9F6CB485223CF021003A88A6 = {
			isa = PBXGroup;
			children = (
				9F6CB490223CF021003A88A6 /* AlbumLover */,
				9F6CB4A8223CF023003A88A6 /* AlbumLoverTests */,
				9F6CB48F223CF021003A88A6 /* Products */,
				DA81892D5806462047554E21 /* Pods */,
				93AB27AF14BA9A187F9D1D2F /* Frameworks */,
			);
			sourceTree = "<group>";
		};
		9F6CB48F223CF021003A88A6 /* Products */ = {
			isa = PBXGroup;
			children = (
				9F6CB48E223CF021003A88A6 /* AlbumLover.app */,
				9F6CB4A5223CF023003A88A6 /* AlbumLoverTests.xctest */,
			);
			name = Products;
			sourceTree = "<group>";
		};
		9F6CB490223CF021003A88A6 /* AlbumLover */ = {
			isa = PBXGroup;
			children = (
				9F6CB4DA223D0F49003A88A6 /* Network */,
				9F6CB4CD223D0626003A88A6 /* Cells */,
				9F6CB4B9223CF0DB003A88A6 /* Resources */,
				9F6CB4B8223CF0C3003A88A6 /* Project files */,
				9F6CB4B7223CF09E003A88A6 /* Helpers */,
				9F6CB4B6223CF098003A88A6 /* Models */,
				9F6CB4B5223CF092003A88A6 /* ViewModels */,
				9F6CB4B4223CF08A003A88A6 /* ViewControllers */,
			);
			path = AlbumLover;
			sourceTree = "<group>";
		};
		9F6CB4A8223CF023003A88A6 /* AlbumLoverTests */ = {
			isa = PBXGroup;
			children = (
				9F8099B1223D3457006FBF81 /* FavoriteAlbumsViewModelTests.swift */,
				9F6CB4A9223CF023003A88A6 /* AlbumViewModelTests.swift */,
				9F8099B3223D34B1006FBF81 /* MockRepository.swift */,
				9F6CB4AB223CF023003A88A6 /* Info.plist */,
			);
			path = AlbumLoverTests;
			sourceTree = "<group>";
		};
		9F6CB4B4223CF08A003A88A6 /* ViewControllers */ = {
			isa = PBXGroup;
			children = (
				9F6CB493223CF021003A88A6 /* AlbumsViewController.swift */,
				9F8099B5223D48C3006FBF81 /* SearchViewController.swift */,
			);
			path = ViewControllers;
			sourceTree = "<group>";
		};
		9F6CB4B5223CF092003A88A6 /* ViewModels */ = {
			isa = PBXGroup;
			children = (
				9F6CB4BB223CF31A003A88A6 /* AlbumsViewModel.swift */,
				9F6CB4D2223D08A0003A88A6 /* AlbumViewModel.swift */,
				9F8099B9223D4BE3006FBF81 /* SearchViewModel.swift */,
			);
			path = ViewModels;
			sourceTree = "<group>";
		};
		9F6CB4B6223CF098003A88A6 /* Models */ = {
			isa = PBXGroup;
			children = (
				9F6CB4E3223D11AF003A88A6 /* Resources */,
				9F6CB4E4223D11BF003A88A6 /* Album.swift */,
				9F8099B7223D4B7A006FBF81 /* Artist.swift */,
			);
			path = Models;
			sourceTree = "<group>";
		};
		9F6CB4B7223CF09E003A88A6 /* Helpers */ = {
			isa = PBXGroup;
			children = (
				9F6CB4C4223D0509003A88A6 /* Extensions */,
				9F6CB4BE223CF45E003A88A6 /* Storyboarded.swift */,
				9F6CB4C0223D04D6003A88A6 /* NibLoadableView.swift */,
				9F6CB4C2223D04E0003A88A6 /* ReusableView.swift */,
				9F6CB4E6223D130E003A88A6 /* CustomError.swift */,
			);
			path = Helpers;
			sourceTree = "<group>";
		};
		9F6CB4B8223CF0C3003A88A6 /* Project files */ = {
			isa = PBXGroup;
			children = (
				9F6CB491223CF021003A88A6 /* AppDelegate.swift */,
				9F6CB4A0223CF023003A88A6 /* Info.plist */,
			);
			path = "Project files";
			sourceTree = "<group>";
		};
		9F6CB4B9223CF0DB003A88A6 /* Resources */ = {
			isa = PBXGroup;
			children = (
				9F6CB4BA223CF0F4003A88A6 /* Storyboards */,
				9F6CB49B223CF023003A88A6 /* Assets.xcassets */,
				9F6CB498223CF021003A88A6 /* AlbumLover.xcdatamodeld */,
			);
			path = Resources;
			sourceTree = "<group>";
		};
		9F6CB4BA223CF0F4003A88A6 /* Storyboards */ = {
			isa = PBXGroup;
			children = (
				9F6CB49D223CF023003A88A6 /* LaunchScreen.storyboard */,
				9F6CB495223CF021003A88A6 /* Main.storyboard */,
			);
			path = Storyboards;
			sourceTree = "<group>";
		};
		9F6CB4C4223D0509003A88A6 /* Extensions */ = {
			isa = PBXGroup;
			children = (
				9F6CB4C5223D051A003A88A6 /* UICollectionViewCell+Extension.swift */,
				9F6CB4C7223D053B003A88A6 /* UITableViewCell+Extension.swift */,
				9F6CB4C9223D0555003A88A6 /* UICollectionView+Extension.swift */,
				9F6CB4CB223D0569003A88A6 /* UITableView+Extension.swift */,
				9F6CB4D4223D0929003A88A6 /* UIImageView+Extension.swift */,
				9F6CB4E8223D226C003A88A6 /* UIViewController+Extension.swift */,
			);
			path = Extensions;
			sourceTree = "<group>";
		};
		9F6CB4CD223D0626003A88A6 /* Cells */ = {
			isa = PBXGroup;
			children = (
				9F6CB4CE223D0645003A88A6 /* AlbumCollectionViewCell.swift */,
				9F6CB4CF223D0645003A88A6 /* AlbumCollectionViewCell.xib */,
			);
			path = Cells;
			sourceTree = "<group>";
		};
		9F6CB4DA223D0F49003A88A6 /* Network */ = {
			isa = PBXGroup;
			children = (
				9F6CB4DB223D0F54003A88A6 /* Repository.swift */,
				9F6CB4DD223D0FDA003A88A6 /* OnlineRepository.swift */,
				9F6CB4DF223D0FF9003A88A6 /* OfflineRepository.swift */,
			);
			path = Network;
			sourceTree = "<group>";
		};
		9F6CB4E3223D11AF003A88A6 /* Resources */ = {
			isa = PBXGroup;
			children = (
				9F6CB4D6223D0EB8003A88A6 /* AlbumResource.swift */,
				9F6CB4D8223D0EF1003A88A6 /* ArtistResource.swift */,
				9F6CB4E1223D10C7003A88A6 /* ImageResource.swift */,
			);
			path = Resources;
			sourceTree = "<group>";
		};
		DA81892D5806462047554E21 /* Pods */ = {
			isa = PBXGroup;
			children = (
				EB1A1BF88F7325883CBD1816 /* Pods-AlbumLover.debug.xcconfig */,
				7061DC1C3EA8F400378C22F9 /* Pods-AlbumLover.release.xcconfig */,
				9605ADA899F5D9007E5052FB /* Pods-AlbumLoverTests.debug.xcconfig */,
				9DD0B1A25DDD95593B20B165 /* Pods-AlbumLoverTests.release.xcconfig */,
			);
			name = Pods;
			sourceTree = "<group>";
		};
/* End PBXGroup section */

/* Begin PBXNativeTarget section */
		9F6CB48D223CF021003A88A6 /* AlbumLover */ = {
			isa = PBXNativeTarget;
			buildConfigurationList = 9F6CB4AE223CF023003A88A6 /* Build configuration list for PBXNativeTarget "AlbumLover" */;
			buildPhases = (
				E212C8FFD7001343BFAE42DD /* [CP] Check Pods Manifest.lock */,
				9F6CB4BD223CF3A1003A88A6 /* ShellScript */,
				9F6CB48A223CF021003A88A6 /* Sources */,
				9F6CB48B223CF021003A88A6 /* Frameworks */,
				9F6CB48C223CF021003A88A6 /* Resources */,
				107D76EFC5E3780B1D586495 /* [CP] Embed Pods Frameworks */,
			);
			buildRules = (
			);
			dependencies = (
			);
			name = AlbumLover;
			productName = AlbumLover;
			productReference = 9F6CB48E223CF021003A88A6 /* AlbumLover.app */;
			productType = "com.apple.product-type.application";
		};
		9F6CB4A4223CF023003A88A6 /* AlbumLoverTests */ = {
			isa = PBXNativeTarget;
			buildConfigurationList = 9F6CB4B1223CF023003A88A6 /* Build configuration list for PBXNativeTarget "AlbumLoverTests" */;
			buildPhases = (
				7EB34214A32210DE1496A429 /* [CP] Check Pods Manifest.lock */,
				9F6CB4A1223CF023003A88A6 /* Sources */,
				9F6CB4A2223CF023003A88A6 /* Frameworks */,
				9F6CB4A3223CF023003A88A6 /* Resources */,
			);
			buildRules = (
			);
			dependencies = (
				9F6CB4A7223CF023003A88A6 /* PBXTargetDependency */,
			);
			name = AlbumLoverTests;
			productName = AlbumLoverTests;
			productReference = 9F6CB4A5223CF023003A88A6 /* AlbumLoverTests.xctest */;
			productType = "com.apple.product-type.bundle.unit-test";
		};
/* End PBXNativeTarget section */

/* Begin PBXProject section */
		9F6CB486223CF021003A88A6 /* Project object */ = {
			isa = PBXProject;
			attributes = {
				LastSwiftUpdateCheck = 1010;
				LastUpgradeCheck = 1010;
				ORGANIZATIONNAME = "Florin Uscatu";
				TargetAttributes = {
					9F6CB48D223CF021003A88A6 = {
						CreatedOnToolsVersion = 10.1;
					};
					9F6CB4A4223CF023003A88A6 = {
						CreatedOnToolsVersion = 10.1;
						TestTargetID = 9F6CB48D223CF021003A88A6;
					};
				};
			};
			buildConfigurationList = 9F6CB489223CF021003A88A6 /* Build configuration list for PBXProject "AlbumLover" */;
			compatibilityVersion = "Xcode 9.3";
			developmentRegion = en;
			hasScannedForEncodings = 0;
			knownRegions = (
				en,
				Base,
			);
			mainGroup = 9F6CB485223CF021003A88A6;
			productRefGroup = 9F6CB48F223CF021003A88A6 /* Products */;
			projectDirPath = "";
			projectRoot = "";
			targets = (
				9F6CB48D223CF021003A88A6 /* AlbumLover */,
				9F6CB4A4223CF023003A88A6 /* AlbumLoverTests */,
			);
		};
/* End PBXProject section */

/* Begin PBXResourcesBuildPhase section */
		9F6CB48C223CF021003A88A6 /* Resources */ = {
			isa = PBXResourcesBuildPhase;
			buildActionMask = 2147483647;
			files = (
				9F6CB4D1223D0645003A88A6 /* AlbumCollectionViewCell.xib in Resources */,
				9F6CB49F223CF023003A88A6 /* LaunchScreen.storyboard in Resources */,
				9F6CB49C223CF023003A88A6 /* Assets.xcassets in Resources */,
				9F6CB497223CF021003A88A6 /* Main.storyboard in Resources */,
			);
			runOnlyForDeploymentPostprocessing = 0;
		};
		9F6CB4A3223CF023003A88A6 /* Resources */ = {
			isa = PBXResourcesBuildPhase;
			buildActionMask = 2147483647;
			files = (
			);
			runOnlyForDeploymentPostprocessing = 0;
		};
/* End PBXResourcesBuildPhase section */

/* Begin PBXShellScriptBuildPhase section */
		107D76EFC5E3780B1D586495 /* [CP] Embed Pods Frameworks */ = {
			isa = PBXShellScriptBuildPhase;
			buildActionMask = 2147483647;
			files = (
			);
			inputFileListPaths = (
			);
			inputPaths = (
				"${SRCROOT}/Pods/Target Support Files/Pods-AlbumLover/Pods-AlbumLover-frameworks.sh",
				"${BUILT_PRODUCTS_DIR}/Alamofire/Alamofire.framework",
				"${BUILT_PRODUCTS_DIR}/AlamofireImage/AlamofireImage.framework",
			);
			name = "[CP] Embed Pods Frameworks";
			outputFileListPaths = (
			);
			outputPaths = (
				"${TARGET_BUILD_DIR}/${FRAMEWORKS_FOLDER_PATH}/Alamofire.framework",
				"${TARGET_BUILD_DIR}/${FRAMEWORKS_FOLDER_PATH}/AlamofireImage.framework",
			);
			runOnlyForDeploymentPostprocessing = 0;
			shellPath = /bin/sh;
			shellScript = "\"${SRCROOT}/Pods/Target Support Files/Pods-AlbumLover/Pods-AlbumLover-frameworks.sh\"\n";
			showEnvVarsInLog = 0;
		};
		7EB34214A32210DE1496A429 /* [CP] Check Pods Manifest.lock */ = {
			isa = PBXShellScriptBuildPhase;
			buildActionMask = 2147483647;
			files = (
			);
			inputFileListPaths = (
			);
			inputPaths = (
				"${PODS_PODFILE_DIR_PATH}/Podfile.lock",
				"${PODS_ROOT}/Manifest.lock",
			);
			name = "[CP] Check Pods Manifest.lock";
			outputFileListPaths = (
			);
			outputPaths = (
				"$(DERIVED_FILE_DIR)/Pods-AlbumLoverTests-checkManifestLockResult.txt",
			);
			runOnlyForDeploymentPostprocessing = 0;
			shellPath = /bin/sh;
			shellScript = "diff \"${PODS_PODFILE_DIR_PATH}/Podfile.lock\" \"${PODS_ROOT}/Manifest.lock\" > /dev/null\nif [ $? != 0 ] ; then\n    # print error to STDERR\n    echo \"error: The sandbox is not in sync with the Podfile.lock. Run 'pod install' or update your CocoaPods installation.\" >&2\n    exit 1\nfi\n# This output is used by Xcode 'outputs' to avoid re-running this script phase.\necho \"SUCCESS\" > \"${SCRIPT_OUTPUT_FILE_0}\"\n";
			showEnvVarsInLog = 0;
		};
		9F6CB4BD223CF3A1003A88A6 /* ShellScript */ = {
			isa = PBXShellScriptBuildPhase;
			buildActionMask = 2147483647;
			files = (
			);
			inputFileListPaths = (
			);
			inputPaths = (
			);
			outputFileListPaths = (
			);
			outputPaths = (
			);
			runOnlyForDeploymentPostprocessing = 0;
			shellPath = /bin/sh;
			shellScript = "# Type a script or drag a script file from your workspace to insert its path.\n\"${PODS_ROOT}/SwiftFormat/CommandLineTool/swiftformat\" \"${SRCROOT}/AlbumLover\"\n";
		};
		E212C8FFD7001343BFAE42DD /* [CP] Check Pods Manifest.lock */ = {
			isa = PBXShellScriptBuildPhase;
			buildActionMask = 2147483647;
			files = (
			);
			inputFileListPaths = (
			);
			inputPaths = (
				"${PODS_PODFILE_DIR_PATH}/Podfile.lock",
				"${PODS_ROOT}/Manifest.lock",
			);
			name = "[CP] Check Pods Manifest.lock";
			outputFileListPaths = (
			);
			outputPaths = (
				"$(DERIVED_FILE_DIR)/Pods-AlbumLover-checkManifestLockResult.txt",
			);
			runOnlyForDeploymentPostprocessing = 0;
			shellPath = /bin/sh;
			shellScript = "diff \"${PODS_PODFILE_DIR_PATH}/Podfile.lock\" \"${PODS_ROOT}/Manifest.lock\" > /dev/null\nif [ $? != 0 ] ; then\n    # print error to STDERR\n    echo \"error: The sandbox is not in sync with the Podfile.lock. Run 'pod install' or update your CocoaPods installation.\" >&2\n    exit 1\nfi\n# This output is used by Xcode 'outputs' to avoid re-running this script phase.\necho \"SUCCESS\" > \"${SCRIPT_OUTPUT_FILE_0}\"\n";
			showEnvVarsInLog = 0;
		};
/* End PBXShellScriptBuildPhase section */

/* Begin PBXSourcesBuildPhase section */
		9F6CB48A223CF021003A88A6 /* Sources */ = {
			isa = PBXSourcesBuildPhase;
			buildActionMask = 2147483647;
			files = (
				9F6CB4E7223D130E003A88A6 /* CustomError.swift in Sources */,
				9F6CB4D0223D0645003A88A6 /* AlbumCollectionViewCell.swift in Sources */,
				9F6CB4CC223D0569003A88A6 /* UITableView+Extension.swift in Sources */,
				9F6CB4DE223D0FDA003A88A6 /* OnlineRepository.swift in Sources */,
				9F6CB4D5223D0929003A88A6 /* UIImageView+Extension.swift in Sources */,
				9F6CB4C1223D04D6003A88A6 /* NibLoadableView.swift in Sources */,
				9F6CB4E5223D11BF003A88A6 /* Album.swift in Sources */,
				9F6CB4E9223D226C003A88A6 /* UIViewController+Extension.swift in Sources */,
				9F6CB4BC223CF31A003A88A6 /* AlbumsViewModel.swift in Sources */,
				9F6CB49A223CF021003A88A6 /* AlbumLover.xcdatamodeld in Sources */,
				9F6CB4BF223CF45E003A88A6 /* Storyboarded.swift in Sources */,
				9F6CB4C8223D053B003A88A6 /* UITableViewCell+Extension.swift in Sources */,
				9F6CB4E2223D10C7003A88A6 /* ImageResource.swift in Sources */,
				9F6CB4E0223D0FF9003A88A6 /* OfflineRepository.swift in Sources */,
				9F6CB4C6223D051A003A88A6 /* UICollectionViewCell+Extension.swift in Sources */,
				9F6CB4D3223D08A0003A88A6 /* AlbumViewModel.swift in Sources */,
				9F6CB4CA223D0555003A88A6 /* UICollectionView+Extension.swift in Sources */,
				9F6CB494223CF021003A88A6 /* AlbumsViewController.swift in Sources */,
				9F8099BA223D4BE3006FBF81 /* SearchViewModel.swift in Sources */,
				9F8099B6223D48C3006FBF81 /* SearchViewController.swift in Sources */,
				9F6CB4DC223D0F54003A88A6 /* Repository.swift in Sources */,
				9F6CB4C3223D04E0003A88A6 /* ReusableView.swift in Sources */,
				9F6CB492223CF021003A88A6 /* AppDelegate.swift in Sources */,
				9F6CB4D9223D0EF1003A88A6 /* ArtistResource.swift in Sources */,
				9F8099B8223D4B7A006FBF81 /* Artist.swift in Sources */,
				9F6CB4D7223D0EB8003A88A6 /* AlbumResource.swift in Sources */,
			);
			runOnlyForDeploymentPostprocessing = 0;
		};
		9F6CB4A1223CF023003A88A6 /* Sources */ = {
			isa = PBXSourcesBuildPhase;
			buildActionMask = 2147483647;
			files = (
				9F8099B2223D3457006FBF81 /* FavoriteAlbumsViewModelTests.swift in Sources */,
				9F8099B4223D34B1006FBF81 /* MockRepository.swift in Sources */,
				9F6CB4AA223CF023003A88A6 /* AlbumViewModelTests.swift in Sources */,
			);
			runOnlyForDeploymentPostprocessing = 0;
		};
/* End PBXSourcesBuildPhase section */

/* Begin PBXTargetDependency section */
		9F6CB4A7223CF023003A88A6 /* PBXTargetDependency */ = {
			isa = PBXTargetDependency;
			target = 9F6CB48D223CF021003A88A6 /* AlbumLover */;
			targetProxy = 9F6CB4A6223CF023003A88A6 /* PBXContainerItemProxy */;
		};
/* End PBXTargetDependency section */

/* Begin PBXVariantGroup section */
		9F6CB495223CF021003A88A6 /* Main.storyboard */ = {
			isa = PBXVariantGroup;
			children = (
				9F6CB496223CF021003A88A6 /* Base */,
			);
			name = Main.storyboard;
			sourceTree = "<group>";
		};
		9F6CB49D223CF023003A88A6 /* LaunchScreen.storyboard */ = {
			isa = PBXVariantGroup;
			children = (
				9F6CB49E223CF023003A88A6 /* Base */,
			);
			name = LaunchScreen.storyboard;
			sourceTree = "<group>";
		};
/* End PBXVariantGroup section */

/* Begin XCBuildConfiguration section */
		9F6CB4AC223CF023003A88A6 /* Debug */ = {
			isa = XCBuildConfiguration;
			buildSettings = {
				ALWAYS_SEARCH_USER_PATHS = NO;
				CLANG_ANALYZER_NONNULL = YES;
				CLANG_ANALYZER_NUMBER_OBJECT_CONVERSION = YES_AGGRESSIVE;
				CLANG_CXX_LANGUAGE_STANDARD = "gnu++14";
				CLANG_CXX_LIBRARY = "libc++";
				CLANG_ENABLE_MODULES = YES;
				CLANG_ENABLE_OBJC_ARC = YES;
				CLANG_ENABLE_OBJC_WEAK = YES;
				CLANG_WARN_BLOCK_CAPTURE_AUTORELEASING = YES;
				CLANG_WARN_BOOL_CONVERSION = YES;
				CLANG_WARN_COMMA = YES;
				CLANG_WARN_CONSTANT_CONVERSION = YES;
				CLANG_WARN_DEPRECATED_OBJC_IMPLEMENTATIONS = YES;
				CLANG_WARN_DIRECT_OBJC_ISA_USAGE = YES_ERROR;
				CLANG_WARN_DOCUMENTATION_COMMENTS = YES;
				CLANG_WARN_EMPTY_BODY = YES;
				CLANG_WARN_ENUM_CONVERSION = YES;
				CLANG_WARN_INFINITE_RECURSION = YES;
				CLANG_WARN_INT_CONVERSION = YES;
				CLANG_WARN_NON_LITERAL_NULL_CONVERSION = YES;
				CLANG_WARN_OBJC_IMPLICIT_RETAIN_SELF = YES;
				CLANG_WARN_OBJC_LITERAL_CONVERSION = YES;
				CLANG_WARN_OBJC_ROOT_CLASS = YES_ERROR;
				CLANG_WARN_RANGE_LOOP_ANALYSIS = YES;
				CLANG_WARN_STRICT_PROTOTYPES = YES;
				CLANG_WARN_SUSPICIOUS_MOVE = YES;
				CLANG_WARN_UNGUARDED_AVAILABILITY = YES_AGGRESSIVE;
				CLANG_WARN_UNREACHABLE_CODE = YES;
				CLANG_WARN__DUPLICATE_METHOD_MATCH = YES;
				CODE_SIGN_IDENTITY = "iPhone Developer";
				COPY_PHASE_STRIP = NO;
				DEBUG_INFORMATION_FORMAT = dwarf;
				ENABLE_STRICT_OBJC_MSGSEND = YES;
				ENABLE_TESTABILITY = YES;
				GCC_C_LANGUAGE_STANDARD = gnu11;
				GCC_DYNAMIC_NO_PIC = NO;
				GCC_NO_COMMON_BLOCKS = YES;
				GCC_OPTIMIZATION_LEVEL = 0;
				GCC_PREPROCESSOR_DEFINITIONS = (
					"DEBUG=1",
					"$(inherited)",
				);
				GCC_WARN_64_TO_32_BIT_CONVERSION = YES;
				GCC_WARN_ABOUT_RETURN_TYPE = YES_ERROR;
				GCC_WARN_UNDECLARED_SELECTOR = YES;
				GCC_WARN_UNINITIALIZED_AUTOS = YES_AGGRESSIVE;
				GCC_WARN_UNUSED_FUNCTION = YES;
				GCC_WARN_UNUSED_VARIABLE = YES;
				IPHONEOS_DEPLOYMENT_TARGET = 12.1;
				MTL_ENABLE_DEBUG_INFO = INCLUDE_SOURCE;
				MTL_FAST_MATH = YES;
				ONLY_ACTIVE_ARCH = YES;
				SDKROOT = iphoneos;
				SWIFT_ACTIVE_COMPILATION_CONDITIONS = DEBUG;
				SWIFT_OPTIMIZATION_LEVEL = "-Onone";
			};
			name = Debug;
		};
		9F6CB4AD223CF023003A88A6 /* Release */ = {
			isa = XCBuildConfiguration;
			buildSettings = {
				ALWAYS_SEARCH_USER_PATHS = NO;
				CLANG_ANALYZER_NONNULL = YES;
				CLANG_ANALYZER_NUMBER_OBJECT_CONVERSION = YES_AGGRESSIVE;
				CLANG_CXX_LANGUAGE_STANDARD = "gnu++14";
				CLANG_CXX_LIBRARY = "libc++";
				CLANG_ENABLE_MODULES = YES;
				CLANG_ENABLE_OBJC_ARC = YES;
				CLANG_ENABLE_OBJC_WEAK = YES;
				CLANG_WARN_BLOCK_CAPTURE_AUTORELEASING = YES;
				CLANG_WARN_BOOL_CONVERSION = YES;
				CLANG_WARN_COMMA = YES;
				CLANG_WARN_CONSTANT_CONVERSION = YES;
				CLANG_WARN_DEPRECATED_OBJC_IMPLEMENTATIONS = YES;
				CLANG_WARN_DIRECT_OBJC_ISA_USAGE = YES_ERROR;
				CLANG_WARN_DOCUMENTATION_COMMENTS = YES;
				CLANG_WARN_EMPTY_BODY = YES;
				CLANG_WARN_ENUM_CONVERSION = YES;
				CLANG_WARN_INFINITE_RECURSION = YES;
				CLANG_WARN_INT_CONVERSION = YES;
				CLANG_WARN_NON_LITERAL_NULL_CONVERSION = YES;
				CLANG_WARN_OBJC_IMPLICIT_RETAIN_SELF = YES;
				CLANG_WARN_OBJC_LITERAL_CONVERSION = YES;
				CLANG_WARN_OBJC_ROOT_CLASS = YES_ERROR;
				CLANG_WARN_RANGE_LOOP_ANALYSIS = YES;
				CLANG_WARN_STRICT_PROTOTYPES = YES;
				CLANG_WARN_SUSPICIOUS_MOVE = YES;
				CLANG_WARN_UNGUARDED_AVAILABILITY = YES_AGGRESSIVE;
				CLANG_WARN_UNREACHABLE_CODE = YES;
				CLANG_WARN__DUPLICATE_METHOD_MATCH = YES;
				CODE_SIGN_IDENTITY = "iPhone Developer";
				COPY_PHASE_STRIP = NO;
				DEBUG_INFORMATION_FORMAT = "dwarf-with-dsym";
				ENABLE_NS_ASSERTIONS = NO;
				ENABLE_STRICT_OBJC_MSGSEND = YES;
				GCC_C_LANGUAGE_STANDARD = gnu11;
				GCC_NO_COMMON_BLOCKS = YES;
				GCC_WARN_64_TO_32_BIT_CONVERSION = YES;
				GCC_WARN_ABOUT_RETURN_TYPE = YES_ERROR;
				GCC_WARN_UNDECLARED_SELECTOR = YES;
				GCC_WARN_UNINITIALIZED_AUTOS = YES_AGGRESSIVE;
				GCC_WARN_UNUSED_FUNCTION = YES;
				GCC_WARN_UNUSED_VARIABLE = YES;
				IPHONEOS_DEPLOYMENT_TARGET = 12.1;
				MTL_ENABLE_DEBUG_INFO = NO;
				MTL_FAST_MATH = YES;
				SDKROOT = iphoneos;
				SWIFT_COMPILATION_MODE = wholemodule;
				SWIFT_OPTIMIZATION_LEVEL = "-O";
				VALIDATE_PRODUCT = YES;
			};
			name = Release;
		};
		9F6CB4AF223CF023003A88A6 /* Debug */ = {
			isa = XCBuildConfiguration;
			baseConfigurationReference = EB1A1BF88F7325883CBD1816 /* Pods-AlbumLover.debug.xcconfig */;
			buildSettings = {
				ASSETCATALOG_COMPILER_APPICON_NAME = AppIcon;
				CODE_SIGN_STYLE = Automatic;
				DEVELOPMENT_TEAM = 8CEQW7LX82;
				INFOPLIST_FILE = "AlbumLover/Project Files/Info.plist";
				IPHONEOS_DEPLOYMENT_TARGET = 10.0;
				LD_RUNPATH_SEARCH_PATHS = (
					"$(inherited)",
					"@executable_path/Frameworks",
				);
				PRODUCT_BUNDLE_IDENTIFIER = approcket.AlbumLover;
				PRODUCT_NAME = "$(TARGET_NAME)";
				SWIFT_VERSION = 4.2;
				TARGETED_DEVICE_FAMILY = "1,2";
			};
			name = Debug;
		};
		9F6CB4B0223CF023003A88A6 /* Release */ = {
			isa = XCBuildConfiguration;
			baseConfigurationReference = 7061DC1C3EA8F400378C22F9 /* Pods-AlbumLover.release.xcconfig */;
			buildSettings = {
				ASSETCATALOG_COMPILER_APPICON_NAME = AppIcon;
				CODE_SIGN_STYLE = Automatic;
				DEVELOPMENT_TEAM = 8CEQW7LX82;
				INFOPLIST_FILE = "AlbumLover/Project Files/Info.plist";
				IPHONEOS_DEPLOYMENT_TARGET = 10.0;
				LD_RUNPATH_SEARCH_PATHS = (
					"$(inherited)",
					"@executable_path/Frameworks",
				);
				PRODUCT_BUNDLE_IDENTIFIER = approcket.AlbumLover;
				PRODUCT_NAME = "$(TARGET_NAME)";
				SWIFT_VERSION = 4.2;
				TARGETED_DEVICE_FAMILY = "1,2";
			};
			name = Release;
		};
		9F6CB4B2223CF023003A88A6 /* Debug */ = {
			isa = XCBuildConfiguration;
			baseConfigurationReference = 9605ADA899F5D9007E5052FB /* Pods-AlbumLoverTests.debug.xcconfig */;
			buildSettings = {
				ALWAYS_EMBED_SWIFT_STANDARD_LIBRARIES = YES;
				BUNDLE_LOADER = "$(TEST_HOST)";
				CODE_SIGN_STYLE = Automatic;
				DEVELOPMENT_TEAM = 8CEQW7LX82;
				INFOPLIST_FILE = AlbumLoverTests/Info.plist;
				LD_RUNPATH_SEARCH_PATHS = (
					"$(inherited)",
					"@executable_path/Frameworks",
					"@loader_path/Frameworks",
				);
				PRODUCT_BUNDLE_IDENTIFIER = approcket.AlbumLoverTests;
				PRODUCT_NAME = "$(TARGET_NAME)";
				SWIFT_VERSION = 4.2;
				TARGETED_DEVICE_FAMILY = "1,2";
				TEST_HOST = "$(BUILT_PRODUCTS_DIR)/AlbumLover.app/AlbumLover";
			};
			name = Debug;
		};
		9F6CB4B3223CF023003A88A6 /* Release */ = {
			isa = XCBuildConfiguration;
			baseConfigurationReference = 9DD0B1A25DDD95593B20B165 /* Pods-AlbumLoverTests.release.xcconfig */;
			buildSettings = {
				ALWAYS_EMBED_SWIFT_STANDARD_LIBRARIES = YES;
				BUNDLE_LOADER = "$(TEST_HOST)";
				CODE_SIGN_STYLE = Automatic;
				DEVELOPMENT_TEAM = 8CEQW7LX82;
				INFOPLIST_FILE = AlbumLoverTests/Info.plist;
				LD_RUNPATH_SEARCH_PATHS = (
					"$(inherited)",
					"@executable_path/Frameworks",
					"@loader_path/Frameworks",
				);
				PRODUCT_BUNDLE_IDENTIFIER = approcket.AlbumLoverTests;
				PRODUCT_NAME = "$(TARGET_NAME)";
				SWIFT_VERSION = 4.2;
				TARGETED_DEVICE_FAMILY = "1,2";
				TEST_HOST = "$(BUILT_PRODUCTS_DIR)/AlbumLover.app/AlbumLover";
			};
			name = Release;
		};
/* End XCBuildConfiguration section */

/* Begin XCConfigurationList section */
		9F6CB489223CF021003A88A6 /* Build configuration list for PBXProject "AlbumLover" */ = {
			isa = XCConfigurationList;
			buildConfigurations = (
				9F6CB4AC223CF023003A88A6 /* Debug */,
				9F6CB4AD223CF023003A88A6 /* Release */,
			);
			defaultConfigurationIsVisible = 0;
			defaultConfigurationName = Release;
		};
		9F6CB4AE223CF023003A88A6 /* Build configuration list for PBXNativeTarget "AlbumLover" */ = {
			isa = XCConfigurationList;
			buildConfigurations = (
				9F6CB4AF223CF023003A88A6 /* Debug */,
				9F6CB4B0223CF023003A88A6 /* Release */,
			);
			defaultConfigurationIsVisible = 0;
			defaultConfigurationName = Release;
		};
		9F6CB4B1223CF023003A88A6 /* Build configuration list for PBXNativeTarget "AlbumLoverTests" */ = {
			isa = XCConfigurationList;
			buildConfigurations = (
				9F6CB4B2223CF023003A88A6 /* Debug */,
				9F6CB4B3223CF023003A88A6 /* Release */,
			);
			defaultConfigurationIsVisible = 0;
			defaultConfigurationName = Release;
		};
/* End XCConfigurationList section */

/* Begin XCVersionGroup section */
		9F6CB498223CF021003A88A6 /* AlbumLover.xcdatamodeld */ = {
			isa = XCVersionGroup;
			children = (
				9F6CB499223CF021003A88A6 /* AlbumLover.xcdatamodel */,
			);
			currentVersion = 9F6CB499223CF021003A88A6 /* AlbumLover.xcdatamodel */;
			path = AlbumLover.xcdatamodeld;
			sourceTree = "<group>";
			versionGroupType = wrapper.xcdatamodel;
		};
/* End XCVersionGroup section */
	};
	rootObject = 9F6CB486223CF021003A88A6 /* Project object */;
}
